
Microsoft Visual Studio Solution File, Format Version 12.00
# Visual Studio 15
VisualStudioVersion = 15.0.28307.136
MinimumVisualStudioVersion = 10.0.40219.1
Project("{FAE04EC0-301F-11D3-BF4B-00C04F79EFBC}") = "NBP_n4j_v1", "NBP_n4j_v1\NBP_n4j_v1.csproj", "{0A465B66-8D43-4186-B562-D86296659876}"
EndProject
Global
	GlobalSection(SolutionConfigurationPlatforms) = preSolution
		Debug|Any CPU = Debug|Any CPU
		Release|Any CPU = Release|Any CPU
	EndGlobalSection
	GlobalSection(ProjectConfigurationPlatforms) = postSolution
		{0A465B66-8D43-4186-B562-D86296659876}.Debug|Any CPU.ActiveCfg = Debug|Any CPU
		{0A465B66-8D43-4186-B562-D86296659876}.Debug|Any CPU.Build.0 = Debug|Any CPU
		{0A465B66-8D43-4186-B562-D86296659876}.Release|Any CPU.ActiveCfg = Release|Any CPU
		{0A465B66-8D43-4186-B562-D86296659876}.Release|Any CPU.Build.0 = Release|Any CPU
	EndGlobalSection
	GlobalSection(SolutionProperties) = preSolution
		HideSolutionNode = FALSE
	EndGlobalSection
	GlobalSection(ExtensibilityGlobals) = postSolution
		SolutionGuid = {2DAC6D0E-F2B2-4CF2-8259-912896FB2ED0}
	EndGlobalSection
EndGlobal
